
Microsoft Visual Studio Solution File, Format Version 12.00
# Visual Studio Version 16
VisualStudioVersion = 16.0.29306.81
MinimumVisualStudioVersion = 10.0.40219.1
Project("{FAE04EC0-301F-11D3-BF4B-00C04F79EFBC}") = "sitesatis", "sitesatis\sitesatis.csproj", "{F910D7D6-4CCD-4650-B7C2-FCA5A78CD812}"
EndProject
Global
	GlobalSection(SolutionConfigurationPlatforms) = preSolution
		Debug|Any CPU = Debug|Any CPU
		Release|Any CPU = Release|Any CPU
	EndGlobalSection
	GlobalSection(ProjectConfigurationPlatforms) = postSolution
		{F910D7D6-4CCD-4650-B7C2-FCA5A78CD812}.Debug|Any CPU.ActiveCfg = Debug|Any CPU
		{F910D7D6-4CCD-4650-B7C2-FCA5A78CD812}.Debug|Any CPU.Build.0 = Debug|Any CPU
		{F910D7D6-4CCD-4650-B7C2-FCA5A78CD812}.Release|Any CPU.ActiveCfg = Release|Any CPU
		{F910D7D6-4CCD-4650-B7C2-FCA5A78CD812}.Release|Any CPU.Build.0 = Release|Any CPU
	EndGlobalSection
	GlobalSection(SolutionProperties) = preSolution
		HideSolutionNode = FALSE
	EndGlobalSection
	GlobalSection(ExtensibilityGlobals) = postSolution
		SolutionGuid = {B2F5B036-7686-4754-B28C-5A774E123198}
	EndGlobalSection
EndGlobal
